// !$*UTF8*$!
{
	archiveVersion = 1;
	classes = {
	};
	objectVersion = 46;
	objects = {

/* Begin PBXBuildFile section */
		9CABDE381AD498FE00EB84F9 /* main.m in Sources */ = {isa = PBXBuildFile; fileRef = 9CABDE371AD498FE00EB84F9 /* main.m */; };
		9CABDE3B1AD498FE00EB84F9 /* AppDelegate.m in Sources */ = {isa = PBXBuildFile; fileRef = 9CABDE3A1AD498FE00EB84F9 /* AppDelegate.m */; };
		9CABDE3E1AD498FE00EB84F9 /* ViewController.m in Sources */ = {isa = PBXBuildFile; fileRef = 9CABDE3D1AD498FE00EB84F9 /* ViewController.m */; };
		9CABDE411AD498FE00EB84F9 /* Main.storyboard in Resources */ = {isa = PBXBuildFile; fileRef = 9CABDE3F1AD498FE00EB84F9 /* Main.storyboard */; };
		9CABDE431AD498FE00EB84F9 /* Images.xcassets in Resources */ = {isa = PBXBuildFile; fileRef = 9CABDE421AD498FE00EB84F9 /* Images.xcassets */; };
		9CABDE461AD498FE00EB84F9 /* LaunchScreen.xib in Resources */ = {isa = PBXBuildFile; fileRef = 9CABDE441AD498FE00EB84F9 /* LaunchScreen.xib */; };
		9CABDE521AD498FE00EB84F9 /* Improvise_PrototypeTests.m in Sources */ = {isa = PBXBuildFile; fileRef = 9CABDE511AD498FE00EB84F9 /* Improvise_PrototypeTests.m */; };
/* End PBXBuildFile section */

/* Begin PBXContainerItemProxy section */
		9CABDE4C1AD498FE00EB84F9 /* PBXContainerItemProxy */ = {
			isa = PBXContainerItemProxy;
			containerPortal = 9CABDE2A1AD498FE00EB84F9 /* Project object */;
			proxyType = 1;
			remoteGlobalIDString = 9CABDE311AD498FE00EB84F9;
			remoteInfo = "Improvise-Prototype";
		};
/* End PBXContainerItemProxy section */

/* Begin PBXFileReference section */
		9CABDE321AD498FE00EB84F9 /* Improvise-Prototype.app */ = {isa = PBXFileReference; explicitFileType = wrapper.application; includeInIndex = 0; path = "Improvise-Prototype.app"; sourceTree = BUILT_PRODUCTS_DIR; };
		9CABDE361AD498FE00EB84F9 /* Info.plist */ = {isa = PBXFileReference; lastKnownFileType = text.plist.xml; path = Info.plist; sourceTree = "<group>"; };
		9CABDE371AD498FE00EB84F9 /* main.m */ = {isa = PBXFileReference; lastKnownFileType = sourcecode.c.objc; path = main.m; sourceTree = "<group>"; };
		9CABDE391AD498FE00EB84F9 /* AppDelegate.h */ = {isa = PBXFileReference; lastKnownFileType = sourcecode.c.h; path = AppDelegate.h; sourceTree = "<group>"; };
		9CABDE3A1AD498FE00EB84F9 /* AppDelegate.m */ = {isa = PBXFileReference; lastKnownFileType = sourcecode.c.objc; path = AppDelegate.m; sourceTree = "<group>"; };
		9CABDE3C1AD498FE00EB84F9 /* ViewController.h */ = {isa = PBXFileReference; lastKnownFileType = sourcecode.c.h; path = ViewController.h; sourceTree = "<group>"; };
		9CABDE3D1AD498FE00EB84F9 /* ViewController.m */ = {isa = PBXFileReference; lastKnownFileType = sourcecode.c.objc; path = ViewController.m; sourceTree = "<group>"; };
		9CABDE401AD498FE00EB84F9 /* Base */ = {isa = PBXFileReference; lastKnownFileType = file.storyboard; name = Base; path = Base.lproj/Main.storyboard; sourceTree = "<group>"; };
		9CABDE421AD498FE00EB84F9 /* Images.xcassets */ = {isa = PBXFileReference; lastKnownFileType = folder.assetcatalog; path = Images.xcassets; sourceTree = "<group>"; };
		9CABDE451AD498FE00EB84F9 /* Base */ = {isa = PBXFileReference; lastKnownFileType = file.xib; name = Base; path = Base.lproj/LaunchScreen.xib; sourceTree = "<group>"; };
		9CABDE4B1AD498FE00EB84F9 /* Improvise-PrototypeTests.xctest */ = {isa = PBXFileReference; explicitFileType = wrapper.cfbundle; includeInIndex = 0; path = "Improvise-PrototypeTests.xctest"; sourceTree = BUILT_PRODUCTS_DIR; };
		9CABDE501AD498FE00EB84F9 /* Info.plist */ = {isa = PBXFileReference; lastKnownFileType = text.plist.xml; path = Info.plist; sourceTree = "<group>"; };
		9CABDE511AD498FE00EB84F9 /* Improvise_PrototypeTests.m */ = {isa = PBXFileReference; lastKnownFileType = sourcecode.c.objc; path = Improvise_PrototypeTests.m; sourceTree = "<group>"; };
/* End PBXFileReference section */

/* Begin PBXFrameworksBuildPhase section */
		9CABDE2F1AD498FE00EB84F9 /* Frameworks */ = {
			isa = PBXFrameworksBuildPhase;
			buildActionMask = 2147483647;
			files = (
			);
			runOnlyForDeploymentPostprocessing = 0;
		};
		9CABDE481AD498FE00EB84F9 /* Frameworks */ = {
			isa = PBXFrameworksBuildPhase;
			buildActionMask = 2147483647;
			files = (
			);
			runOnlyForDeploymentPostprocessing = 0;
		};
/* End PBXFrameworksBuildPhase section */

/* Begin PBXGroup section */
		9CABDE291AD498FE00EB84F9 = {
			isa = PBXGroup;
			children = (
				9CABDE341AD498FE00EB84F9 /* Improvise-Prototype */,
				9CABDE4E1AD498FE00EB84F9 /* Improvise-PrototypeTests */,
				9CABDE331AD498FE00EB84F9 /* Products */,
			);
			sourceTree = "<group>";
		};
		9CABDE331AD498FE00EB84F9 /* Products */ = {
			isa = PBXGroup;
			children = (
				9CABDE321AD498FE00EB84F9 /* Improvise-Prototype.app */,
				9CABDE4B1AD498FE00EB84F9 /* Improvise-PrototypeTests.xctest */,
			);
			name = Products;
			sourceTree = "<group>";
		};
		9CABDE341AD498FE00EB84F9 /* Improvise-Prototype */ = {
			isa = PBXGroup;
			children = (
				9CABDE391AD498FE00EB84F9 /* AppDelegate.h */,
				9CABDE3A1AD498FE00EB84F9 /* AppDelegate.m */,
				9CABDE3C1AD498FE00EB84F9 /* ViewController.h */,
				9CABDE3D1AD498FE00EB84F9 /* ViewController.m */,
				9CABDE3F1AD498FE00EB84F9 /* Main.storyboard */,
				9CABDE421AD498FE00EB84F9 /* Images.xcassets */,
				9CABDE441AD498FE00EB84F9 /* LaunchScreen.xib */,
				9CABDE351AD498FE00EB84F9 /* Supporting Files */,
			);
			path = "Improvise-Prototype";
			sourceTree = "<group>";
		};
		9CABDE351AD498FE00EB84F9 /* Supporting Files */ = {
			isa = PBXGroup;
			children = (
				9CABDE361AD498FE00EB84F9 /* Info.plist */,
				9CABDE371AD498FE00EB84F9 /* main.m */,
			);
			name = "Supporting Files";
			sourceTree = "<group>";
		};
		9CABDE4E1AD498FE00EB84F9 /* Improvise-PrototypeTests */ = {
			isa = PBXGroup;
			children = (
				9CABDE511AD498FE00EB84F9 /* Improvise_PrototypeTests.m */,
				9CABDE4F1AD498FE00EB84F9 /* Supporting Files */,
			);
			path = "Improvise-PrototypeTests";
			sourceTree = "<group>";
		};
		9CABDE4F1AD498FE00EB84F9 /* Supporting Files */ = {
			isa = PBXGroup;
			children = (
				9CABDE501AD498FE00EB84F9 /* Info.plist */,
			);
			name = "Supporting Files";
			sourceTree = "<group>";
		};
/* End PBXGroup section */

/* Begin PBXNativeTarget section */
		9CABDE311AD498FE00EB84F9 /* Improvise-Prototype */ = {
			isa = PBXNativeTarget;
			buildConfigurationList = 9CABDE551AD498FE00EB84F9 /* Build configuration list for PBXNativeTarget "Improvise-Prototype" */;
			buildPhases = (
				9CABDE2E1AD498FE00EB84F9 /* Sources */,
				9CABDE2F1AD498FE00EB84F9 /* Frameworks */,
				9CABDE301AD498FE00EB84F9 /* Resources */,
			);
			buildRules = (
			);
			dependencies = (
			);
			name = "Improvise-Prototype";
			productName = "Improvise-Prototype";
			productReference = 9CABDE321AD498FE00EB84F9 /* Improvise-Prototype.app */;
			productType = "com.apple.product-type.application";
		};
		9CABDE4A1AD498FE00EB84F9 /* Improvise-PrototypeTests */ = {
			isa = PBXNativeTarget;
			buildConfigurationList = 9CABDE581AD498FE00EB84F9 /* Build configuration list for PBXNativeTarget "Improvise-PrototypeTests" */;
			buildPhases = (
				9CABDE471AD498FE00EB84F9 /* Sources */,
				9CABDE481AD498FE00EB84F9 /* Frameworks */,
				9CABDE491AD498FE00EB84F9 /* Resources */,
			);
			buildRules = (
			);
			dependencies = (
				9CABDE4D1AD498FE00EB84F9 /* PBXTargetDependency */,
			);
			name = "Improvise-PrototypeTests";
			productName = "Improvise-PrototypeTests";
			productReference = 9CABDE4B1AD498FE00EB84F9 /* Improvise-PrototypeTests.xctest */;
			productType = "com.apple.product-type.bundle.unit-test";
		};
/* End PBXNativeTarget section */

/* Begin PBXProject section */
		9CABDE2A1AD498FE00EB84F9 /* Project object */ = {
			isa = PBXProject;
			attributes = {
				LastUpgradeCheck = 0620;
				ORGANIZATIONNAME = "Lifei Li";
				TargetAttributes = {
					9CABDE311AD498FE00EB84F9 = {
						CreatedOnToolsVersion = 6.2;
					};
					9CABDE4A1AD498FE00EB84F9 = {
						CreatedOnToolsVersion = 6.2;
						TestTargetID = 9CABDE311AD498FE00EB84F9;
					};
				};
			};
			buildConfigurationList = 9CABDE2D1AD498FE00EB84F9 /* Build configuration list for PBXProject "Improvise-Prototype" */;
			compatibilityVersion = "Xcode 3.2";
			developmentRegion = English;
			hasScannedForEncodings = 0;
			knownRegions = (
				en,
				Base,
			);
			mainGroup = 9CABDE291AD498FE00EB84F9;
			productRefGroup = 9CABDE331AD498FE00EB84F9 /* Products */;
			projectDirPath = "";
			projectRoot = "";
			targets = (
				9CABDE311AD498FE00EB84F9 /* Improvise-Prototype */,
				9CABDE4A1AD498FE00EB84F9 /* Improvise-PrototypeTests */,
			);
		};
/* End PBXProject section */

/* Begin PBXResourcesBuildPhase section */
		9CABDE301AD498FE00EB84F9 /* Resources */ = {
			isa = PBXResourcesBuildPhase;
			buildActionMask = 2147483647;
			files = (
				9CABDE411AD498FE00EB84F9 /* Main.storyboard in Resources */,
				9CABDE461AD498FE00EB84F9 /* LaunchScreen.xib in Resources */,
				9CABDE431AD498FE00EB84F9 /* Images.xcassets in Resources */,
			);
			runOnlyForDeploymentPostprocessing = 0;
		};
		9CABDE491AD498FE00EB84F9 /* Resources */ = {
			isa = PBXResourcesBuildPhase;
			buildActionMask = 2147483647;
			files = (
			);
			runOnlyForDeploymentPostprocessing = 0;
		};
/* End PBXResourcesBuildPhase section */

/* Begin PBXSourcesBuildPhase section */
		9CABDE2E1AD498FE00EB84F9 /* Sources */ = {
			isa = PBXSourcesBuildPhase;
			buildActionMask = 2147483647;
			files = (
				9CABDE3E1AD498FE00EB84F9 /* ViewController.m in Sources */,
				9CABDE3B1AD498FE00EB84F9 /* AppDelegate.m in Sources */,
				9CABDE381AD498FE00EB84F9 /* main.m in Sources */,
			);
			runOnlyForDeploymentPostprocessing = 0;
		};
		9CABDE471AD498FE00EB84F9 /* Sources */ = {
			isa = PBXSourcesBuildPhase;
			buildActionMask = 2147483647;
			files = (
				9CABDE521AD498FE00EB84F9 /* Improvise_PrototypeTests.m in Sources */,
			);
			runOnlyForDeploymentPostprocessing = 0;
		};
/* End PBXSourcesBuildPhase section */

/* Begin PBXTargetDependency section */
		9CABDE4D1AD498FE00EB84F9 /* PBXTargetDependency */ = {
			isa = PBXTargetDependency;
			target = 9CABDE311AD498FE00EB84F9 /* Improvise-Prototype */;
			targetProxy = 9CABDE4C1AD498FE00EB84F9 /* PBXContainerItemProxy */;
		};
/* End PBXTargetDependency section */

/* Begin PBXVariantGroup section */
		9CABDE3F1AD498FE00EB84F9 /* Main.storyboard */ = {
			isa = PBXVariantGroup;
			children = (
				9CABDE401AD498FE00EB84F9 /* Base */,
			);
			name = Main.storyboard;
			sourceTree = "<group>";
		};
		9CABDE441AD498FE00EB84F9 /* LaunchScreen.xib */ = {
			isa = PBXVariantGroup;
			children = (
				9CABDE451AD498FE00EB84F9 /* Base */,
			);
			name = LaunchScreen.xib;
			sourceTree = "<group>";
		};
/* End PBXVariantGroup section */

/* Begin XCBuildConfiguration section */
		9CABDE531AD498FE00EB84F9 /* Debug */ = {
			isa = XCBuildConfiguration;
			buildSettings = {
				ALWAYS_SEARCH_USER_PATHS = NO;
				CLANG_CXX_LANGUAGE_STANDARD = "gnu++0x";
				CLANG_CXX_LIBRARY = "libc++";
				CLANG_ENABLE_MODULES = YES;
				CLANG_ENABLE_OBJC_ARC = YES;
				CLANG_WARN_BOOL_CONVERSION = YES;
				CLANG_WARN_CONSTANT_CONVERSION = YES;
				CLANG_WARN_DIRECT_OBJC_ISA_USAGE = YES_ERROR;
				CLANG_WARN_EMPTY_BODY = YES;
				CLANG_WARN_ENUM_CONVERSION = YES;
				CLANG_WARN_INT_CONVERSION = YES;
				CLANG_WARN_OBJC_ROOT_CLASS = YES_ERROR;
				CLANG_WARN_UNREACHABLE_CODE = YES;
				CLANG_WARN__DUPLICATE_METHOD_MATCH = YES;
				"CODE_SIGN_IDENTITY[sdk=iphoneos*]" = "iPhone Developer";
				COPY_PHASE_STRIP = NO;
				ENABLE_STRICT_OBJC_MSGSEND = YES;
				GCC_C_LANGUAGE_STANDARD = gnu99;
				GCC_DYNAMIC_NO_PIC = NO;
				GCC_OPTIMIZATION_LEVEL = 0;
				GCC_PREPROCESSOR_DEFINITIONS = (
					"DEBUG=1",
					"$(inherited)",
				);
				GCC_SYMBOLS_PRIVATE_EXTERN = NO;
				GCC_WARN_64_TO_32_BIT_CONVERSION = YES;
				GCC_WARN_ABOUT_RETURN_TYPE = YES_ERROR;
				GCC_WARN_UNDECLARED_SELECTOR = YES;
				GCC_WARN_UNINITIALIZED_AUTOS = YES_AGGRESSIVE;
				GCC_WARN_UNUSED_FUNCTION = YES;
				GCC_WARN_UNUSED_VARIABLE = YES;
				IPHONEOS_DEPLOYMENT_TARGET = 8.2;
				MTL_ENABLE_DEBUG_INFO = YES;
				ONLY_ACTIVE_ARCH = YES;
				SDKROOT = iphoneos;
			};
			name = Debug;
		};
		9CABDE541AD498FE00EB84F9 /* Release */ = {
			isa = XCBuildConfiguration;
			buildSettings = {
				ALWAYS_SEARCH_USER_PATHS = NO;
				CLANG_CXX_LANGUAGE_STANDARD = "gnu++0x";
				CLANG_CXX_LIBRARY = "libc++";
				CLANG_ENABLE_MODULES = YES;
				CLANG_ENABLE_OBJC_ARC = YES;
				CLANG_WARN_BOOL_CONVERSION = YES;
				CLANG_WARN_CONSTANT_CONVERSION = YES;
				CLANG_WARN_DIRECT_OBJC_ISA_USAGE = YES_ERROR;
				CLANG_WARN_EMPTY_BODY = YES;
				CLANG_WARN_ENUM_CONVERSION = YES;
				CLANG_WARN_INT_CONVERSION = YES;
				CLANG_WARN_OBJC_ROOT_CLASS = YES_ERROR;
				CLANG_WARN_UNREACHABLE_CODE = YES;
				CLANG_WARN__DUPLICATE_METHOD_MATCH = YES;
				"CODE_SIGN_IDENTITY[sdk=iphoneos*]" = "iPhone Developer";
				COPY_PHASE_STRIP = NO;
				ENABLE_NS_ASSERTIONS = NO;
				ENABLE_STRICT_OBJC_MSGSEND = YES;
				GCC_C_LANGUAGE_STANDARD = gnu99;
				GCC_WARN_64_TO_32_BIT_CONVERSION = YES;
				GCC_WARN_ABOUT_RETURN_TYPE = YES_ERROR;
				GCC_WARN_UNDECLARED_SELECTOR = YES;
				GCC_WARN_UNINITIALIZED_AUTOS = YES_AGGRESSIVE;
				GCC_WARN_UNUSED_FUNCTION = YES;
				GCC_WARN_UNUSED_VARIABLE = YES;
				IPHONEOS_DEPLOYMENT_TARGET = 8.2;
				MTL_ENABLE_DEBUG_INFO = NO;
				SDKROOT = iphoneos;
				VALIDATE_PRODUCT = YES;
			};
			name = Release;
		};
		9CABDE561AD498FE00EB84F9 /* Debug */ = {
			isa = XCBuildConfiguration;
			buildSettings = {
				ASSETCATALOG_COMPILER_APPICON_NAME = AppIcon;
				INFOPLIST_FILE = "Improvise-Prototype/Info.plist";
				LD_RUNPATH_SEARCH_PATHS = "$(inherited) @executable_path/Frameworks";
				PRODUCT_NAME = "$(TARGET_NAME)";
			};
			name = Debug;
		};
		9CABDE571AD498FE00EB84F9 /* Release */ = {
			isa = XCBuildConfiguration;
			buildSettings = {
				ASSETCATALOG_COMPILER_APPICON_NAME = AppIcon;
				INFOPLIST_FILE = "Improvise-Prototype/Info.plist";
				LD_RUNPATH_SEARCH_PATHS = "$(inherited) @executable_path/Frameworks";
				PRODUCT_NAME = "$(TARGET_NAME)";
			};
			name = Release;
		};
		9CABDE591AD498FE00EB84F9 /* Debug */ = {
			isa = XCBuildConfiguration;
			buildSettings = {
				BUNDLE_LOADER = "$(TEST_HOST)";
				FRAMEWORK_SEARCH_PATHS = (
					"$(SDKROOT)/Developer/Library/Frameworks",
					"$(inherited)",
				);
				GCC_PREPROCESSOR_DEFINITIONS = (
					"DEBUG=1",
					"$(inherited)",
				);
				INFOPLIST_FILE = "Improvise-PrototypeTests/Info.plist";
				LD_RUNPATH_SEARCH_PATHS = "$(inherited) @executable_path/Frameworks @loader_path/Frameworks";
				PRODUCT_NAME = "$(TARGET_NAME)";
				TEST_HOST = "$(BUILT_PRODUCTS_DIR)/Improvise-Prototype.app/Improvise-Prototype";
			};
			name = Debug;
		};
		9CABDE5A1AD498FE00EB84F9 /* Release */ = {
			isa = XCBuildConfiguration;
			buildSettings = {
				BUNDLE_LOADER = "$(TEST_HOST)";
				FRAMEWORK_SEARCH_PATHS = (
					"$(SDKROOT)/Developer/Library/Frameworks",
					"$(inherited)",
				);
				INFOPLIST_FILE = "Improvise-PrototypeTests/Info.plist";
				LD_RUNPATH_SEARCH_PATHS = "$(inherited) @executable_path/Frameworks @loader_path/Frameworks";
				PRODUCT_NAME = "$(TARGET_NAME)";
				TEST_HOST = "$(BUILT_PRODUCTS_DIR)/Improvise-Prototype.app/Improvise-Prototype";
			};
			name = Release;
		};
/* End XCBuildConfiguration section */

/* Begin XCConfigurationList section */
		9CABDE2D1AD498FE00EB84F9 /* Build configuration list for PBXProject "Improvise-Prototype" */ = {
			isa = XCConfigurationList;
			buildConfigurations = (
				9CABDE531AD498FE00EB84F9 /* Debug */,
				9CABDE541AD498FE00EB84F9 /* Release */,
			);
			defaultConfigurationIsVisible = 0;
			defaultConfigurationName = Release;
		};
		9CABDE551AD498FE00EB84F9 /* Build configuration list for PBXNativeTarget "Improvise-Prototype" */ = {
			isa = XCConfigurationList;
			buildConfigurations = (
				9CABDE561AD498FE00EB84F9 /* Debug */,
				9CABDE571AD498FE00EB84F9 /* Release */,
			);
			defaultConfigurationIsVisible = 0;
		};
		9CABDE581AD498FE00EB84F9 /* Build configuration list for PBXNativeTarget "Improvise-PrototypeTests" */ = {
			isa = XCConfigurationList;
			buildConfigurations = (
				9CABDE591AD498FE00EB84F9 /* Debug */,
				9CABDE5A1AD498FE00EB84F9 /* Release */,
			);
			defaultConfigurationIsVisible = 0;
		};
/* End XCConfigurationList section */
	};
	rootObject = 9CABDE2A1AD498FE00EB84F9 /* Project object */;
}
